
Microsoft Visual Studio Solution File, Format Version 12.00
# Visual Studio Version 17
VisualStudioVersion = 17.11.35303.130
MinimumVisualStudioVersion = 10.0.40219.1
Project("{2150E333-8FDC-42A3-9474-1A3956D46DE8}") = "Task0", "Task0", "{B0D10814-4CC0-478F-934D-B63F541E3577}"
EndProject
Project("{FAE04EC0-301F-11D3-BF4B-00C04F79EFBC}") = "Tyuiu.KirichokEV.Sprint5.Task0.V25", "Tyuiu.KirichokEV.Sprint5.Task0.V25\Tyuiu.KirichokEV.Sprint5.Task0.V25.csproj", "{41AB0BEC-F55F-4737-9FF0-BDD933AFAA93}"
EndProject
Project("{FAE04EC0-301F-11D3-BF4B-00C04F79EFBC}") = "Tyuiu.KirichokEV.Sprint5.Task0.V25.Lib", "Tyuiu.KirichokEV.Sprint5.Task0.V25.Lib\Tyuiu.KirichokEV.Sprint5.Task0.V25.Lib.csproj", "{476A749E-BF1F-43CC-AC08-D227D7E75ACD}"
EndProject
Project("{FAE04EC0-301F-11D3-BF4B-00C04F79EFBC}") = "Tyuiu.KirichokEV.Sprint5.Task0.V25.Test", "Tyuiu.KirichokEV.Sprint5.Task0.V25.Test\Tyuiu.KirichokEV.Sprint5.Task0.V25.Test.csproj", "{E0A55DCE-C233-4742-BBAA-CA92DF7CA3EA}"
EndProject
Project("{2150E333-8FDC-42A3-9474-1A3956D46DE8}") = "Task1", "Task1", "{CCD9DD89-6164-45DA-B57E-ACAE2A1C4463}"
EndProject
Project("{FAE04EC0-301F-11D3-BF4B-00C04F79EFBC}") = "Tyuiu.KirichokEV.Sprint5.Task1.V15", "Tyuiu.KirichokEV.Sprint5.Task1.V15\Tyuiu.KirichokEV.Sprint5.Task1.V15.csproj", "{07CC40E8-16B0-4B78-91B5-96242B14EEB1}"
EndProject
Project("{FAE04EC0-301F-11D3-BF4B-00C04F79EFBC}") = "Tyuiu.KirichokEV.Sprint5.Task1.V15.Lib", "Tyuiu.KirichokEV.Sprint5.Task1.V15.Lib\Tyuiu.KirichokEV.Sprint5.Task1.V15.Lib.csproj", "{809E9154-C3DB-4B90-B929-BB153FB57AA7}"
EndProject
Project("{FAE04EC0-301F-11D3-BF4B-00C04F79EFBC}") = "Tyuiu.KirichokEV.Sprint5.Task1.V15.Test", "Tyuiu.KirichokEV.Sprint5.Task1.V15.Test\Tyuiu.KirichokEV.Sprint5.Task1.V15.Test.csproj", "{FCACFAB0-A107-45DD-B0B2-56C510A2271B}"
EndProject
Project("{2150E333-8FDC-42A3-9474-1A3956D46DE8}") = "Task2", "Task2", "{9779847A-E2C1-4FFF-858A-1D50B7088E5D}"
EndProject
Project("{FAE04EC0-301F-11D3-BF4B-00C04F79EFBC}") = "Tyuiu.KirichokEV.Sprint5.Task2.V22", "Tyuiu.KirichokEV.Sprint5.Task2.V22\Tyuiu.KirichokEV.Sprint5.Task2.V22.csproj", "{27909B8A-16F6-4A9D-95DD-F8FC6130B987}"
EndProject
Project("{FAE04EC0-301F-11D3-BF4B-00C04F79EFBC}") = "Tyuiu.KirichokEV.Sprint5.Task2.V22.Lib", "Tyuiu.KirichokEV.Sprint5.Task2.V22.Lib\Tyuiu.KirichokEV.Sprint5.Task2.V22.Lib.csproj", "{7D0658D1-9FA6-4067-8D89-D3E85D4DAADC}"
EndProject
Project("{FAE04EC0-301F-11D3-BF4B-00C04F79EFBC}") = "Tyuiu.KirichokEV.Sprint5.Task2.V22.Test", "Tyuiu.KirichokEV.Sprint5.Task2.V22.Test\Tyuiu.KirichokEV.Sprint5.Task2.V22.Test.csproj", "{BD6BAF5D-9DDA-4E6B-AE61-E138A2AC6C5E}"
EndProject
Project("{2150E333-8FDC-42A3-9474-1A3956D46DE8}") = "Task3", "Task3", "{455C8BFD-660C-4B71-ACB3-1C48CD6E575A}"
EndProject
Project("{FAE04EC0-301F-11D3-BF4B-00C04F79EFBC}") = "Tyuiu.KirichokEV.Sprint5.Task3.V9", "Tyuiu.KirichokEV.Sprint5.Task3.V9\Tyuiu.KirichokEV.Sprint5.Task3.V9.csproj", "{3D89EDFF-ED29-47F0-BFF7-2B5A675331F9}"
EndProject
Project("{FAE04EC0-301F-11D3-BF4B-00C04F79EFBC}") = "Tyuiu.KirichokEV.Sprint5.Task3.V9.Lib", "Tyuiu.KirichokEV.Sprint5.Task3.V9.Lib\Tyuiu.KirichokEV.Sprint5.Task3.V9.Lib.csproj", "{19AC5EC2-EC7B-44ED-98CA-DAB4976E17ED}"
EndProject
Project("{FAE04EC0-301F-11D3-BF4B-00C04F79EFBC}") = "Tyuiu.KirichokEV.Sprint5.Task3.V9.Test", "Tyuiu.KirichokEV.Sprint5.Task3.V9.Test\Tyuiu.KirichokEV.Sprint5.Task3.V9.Test.csproj", "{C206DED6-88CC-49EB-B0CA-39F2C1866F44}"
EndProject
Project("{2150E333-8FDC-42A3-9474-1A3956D46DE8}") = "Task4", "Task4", "{8AEEAE1B-5AC8-4B66-B2B1-D286611F1CE7}"
EndProject
Project("{FAE04EC0-301F-11D3-BF4B-00C04F79EFBC}") = "Tyuiu.KirichokEV.Sprint5.Task4.V26", "Tyuiu.KirichokEV.Sprint5.Task4.V26\Tyuiu.KirichokEV.Sprint5.Task4.V26.csproj", "{88C846E5-4F30-414D-951B-763FE0DBE520}"
EndProject
Project("{FAE04EC0-301F-11D3-BF4B-00C04F79EFBC}") = "Tyuiu.KirichokEV.Sprint5.Task4.V26.Lib", "Tyuiu.KirichokEV.Sprint5.Task4.V26.Lib\Tyuiu.KirichokEV.Sprint5.Task4.V26.Lib.csproj", "{B51627F5-0B3C-44AB-92FD-1C3E7FD556E3}"
EndProject
Project("{FAE04EC0-301F-11D3-BF4B-00C04F79EFBC}") = "Tyuiu.KirichokEV.Sprint5.Task4.V26.Test", "Tyuiu.KirichokEV.Sprint5.Task4.V26.Test\Tyuiu.KirichokEV.Sprint5.Task4.V26.Test.csproj", "{43212E7B-CAB1-4663-8522-39CA22AC8748}"
EndProject
Global
	GlobalSection(SolutionConfigurationPlatforms) = preSolution
		Debug|Any CPU = Debug|Any CPU
		Release|Any CPU = Release|Any CPU
	EndGlobalSection
	GlobalSection(ProjectConfigurationPlatforms) = postSolution
		{41AB0BEC-F55F-4737-9FF0-BDD933AFAA93}.Debug|Any CPU.ActiveCfg = Debug|Any CPU
		{41AB0BEC-F55F-4737-9FF0-BDD933AFAA93}.Debug|Any CPU.Build.0 = Debug|Any CPU
		{41AB0BEC-F55F-4737-9FF0-BDD933AFAA93}.Release|Any CPU.ActiveCfg = Release|Any CPU
		{41AB0BEC-F55F-4737-9FF0-BDD933AFAA93}.Release|Any CPU.Build.0 = Release|Any CPU
		{476A749E-BF1F-43CC-AC08-D227D7E75ACD}.Debug|Any CPU.ActiveCfg = Debug|Any CPU
		{476A749E-BF1F-43CC-AC08-D227D7E75ACD}.Debug|Any CPU.Build.0 = Debug|Any CPU
		{476A749E-BF1F-43CC-AC08-D227D7E75ACD}.Release|Any CPU.ActiveCfg = Release|Any CPU
		{476A749E-BF1F-43CC-AC08-D227D7E75ACD}.Release|Any CPU.Build.0 = Release|Any CPU
		{E0A55DCE-C233-4742-BBAA-CA92DF7CA3EA}.Debug|Any CPU.ActiveCfg = Debug|Any CPU
		{E0A55DCE-C233-4742-BBAA-CA92DF7CA3EA}.Debug|Any CPU.Build.0 = Debug|Any CPU
		{E0A55DCE-C233-4742-BBAA-CA92DF7CA3EA}.Release|Any CPU.ActiveCfg = Release|Any CPU
		{E0A55DCE-C233-4742-BBAA-CA92DF7CA3EA}.Release|Any CPU.Build.0 = Release|Any CPU
		{07CC40E8-16B0-4B78-91B5-96242B14EEB1}.Debug|Any CPU.ActiveCfg = Debug|Any CPU
		{07CC40E8-16B0-4B78-91B5-96242B14EEB1}.Debug|Any CPU.Build.0 = Debug|Any CPU
		{07CC40E8-16B0-4B78-91B5-96242B14EEB1}.Release|Any CPU.ActiveCfg = Release|Any CPU
		{07CC40E8-16B0-4B78-91B5-96242B14EEB1}.Release|Any CPU.Build.0 = Release|Any CPU
		{809E9154-C3DB-4B90-B929-BB153FB57AA7}.Debug|Any CPU.ActiveCfg = Debug|Any CPU
		{809E9154-C3DB-4B90-B929-BB153FB57AA7}.Debug|Any CPU.Build.0 = Debug|Any CPU
		{809E9154-C3DB-4B90-B929-BB153FB57AA7}.Release|Any CPU.ActiveCfg = Release|Any CPU
		{809E9154-C3DB-4B90-B929-BB153FB57AA7}.Release|Any CPU.Build.0 = Release|Any CPU
		{FCACFAB0-A107-45DD-B0B2-56C510A2271B}.Debug|Any CPU.ActiveCfg = Debug|Any CPU
		{FCACFAB0-A107-45DD-B0B2-56C510A2271B}.Debug|Any CPU.Build.0 = Debug|Any CPU
		{FCACFAB0-A107-45DD-B0B2-56C510A2271B}.Release|Any CPU.ActiveCfg = Release|Any CPU
		{FCACFAB0-A107-45DD-B0B2-56C510A2271B}.Release|Any CPU.Build.0 = Release|Any CPU
		{27909B8A-16F6-4A9D-95DD-F8FC6130B987}.Debug|Any CPU.ActiveCfg = Debug|Any CPU
		{27909B8A-16F6-4A9D-95DD-F8FC6130B987}.Debug|Any CPU.Build.0 = Debug|Any CPU
		{27909B8A-16F6-4A9D-95DD-F8FC6130B987}.Release|Any CPU.ActiveCfg = Release|Any CPU
		{27909B8A-16F6-4A9D-95DD-F8FC6130B987}.Release|Any CPU.Build.0 = Release|Any CPU
		{7D0658D1-9FA6-4067-8D89-D3E85D4DAADC}.Debug|Any CPU.ActiveCfg = Debug|Any CPU
		{7D0658D1-9FA6-4067-8D89-D3E85D4DAADC}.Debug|Any CPU.Build.0 = Debug|Any CPU
		{7D0658D1-9FA6-4067-8D89-D3E85D4DAADC}.Release|Any CPU.ActiveCfg = Release|Any CPU
		{7D0658D1-9FA6-4067-8D89-D3E85D4DAADC}.Release|Any CPU.Build.0 = Release|Any CPU
		{BD6BAF5D-9DDA-4E6B-AE61-E138A2AC6C5E}.Debug|Any CPU.ActiveCfg = Debug|Any CPU
		{BD6BAF5D-9DDA-4E6B-AE61-E138A2AC6C5E}.Debug|Any CPU.Build.0 = Debug|Any CPU
		{BD6BAF5D-9DDA-4E6B-AE61-E138A2AC6C5E}.Release|Any CPU.ActiveCfg = Release|Any CPU
		{BD6BAF5D-9DDA-4E6B-AE61-E138A2AC6C5E}.Release|Any CPU.Build.0 = Release|Any CPU
		{3D89EDFF-ED29-47F0-BFF7-2B5A675331F9}.Debug|Any CPU.ActiveCfg = Debug|Any CPU
		{3D89EDFF-ED29-47F0-BFF7-2B5A675331F9}.Debug|Any CPU.Build.0 = Debug|Any CPU
		{3D89EDFF-ED29-47F0-BFF7-2B5A675331F9}.Release|Any CPU.ActiveCfg = Release|Any CPU
		{3D89EDFF-ED29-47F0-BFF7-2B5A675331F9}.Release|Any CPU.Build.0 = Release|Any CPU
		{19AC5EC2-EC7B-44ED-98CA-DAB4976E17ED}.Debug|Any CPU.ActiveCfg = Debug|Any CPU
		{19AC5EC2-EC7B-44ED-98CA-DAB4976E17ED}.Debug|Any CPU.Build.0 = Debug|Any CPU
		{19AC5EC2-EC7B-44ED-98CA-DAB4976E17ED}.Release|Any CPU.ActiveCfg = Release|Any CPU
		{19AC5EC2-EC7B-44ED-98CA-DAB4976E17ED}.Release|Any CPU.Build.0 = Release|Any CPU
		{C206DED6-88CC-49EB-B0CA-39F2C1866F44}.Debug|Any CPU.ActiveCfg = Debug|Any CPU
		{C206DED6-88CC-49EB-B0CA-39F2C1866F44}.Debug|Any CPU.Build.0 = Debug|Any CPU
		{C206DED6-88CC-49EB-B0CA-39F2C1866F44}.Release|Any CPU.ActiveCfg = Release|Any CPU
		{C206DED6-88CC-49EB-B0CA-39F2C1866F44}.Release|Any CPU.Build.0 = Release|Any CPU
		{88C846E5-4F30-414D-951B-763FE0DBE520}.Debug|Any CPU.ActiveCfg = Debug|Any CPU
		{88C846E5-4F30-414D-951B-763FE0DBE520}.Debug|Any CPU.Build.0 = Debug|Any CPU
		{88C846E5-4F30-414D-951B-763FE0DBE520}.Release|Any CPU.ActiveCfg = Release|Any CPU
		{88C846E5-4F30-414D-951B-763FE0DBE520}.Release|Any CPU.Build.0 = Release|Any CPU
		{B51627F5-0B3C-44AB-92FD-1C3E7FD556E3}.Debug|Any CPU.ActiveCfg = Debug|Any CPU
		{B51627F5-0B3C-44AB-92FD-1C3E7FD556E3}.Debug|Any CPU.Build.0 = Debug|Any CPU
		{B51627F5-0B3C-44AB-92FD-1C3E7FD556E3}.Release|Any CPU.ActiveCfg = Release|Any CPU
		{B51627F5-0B3C-44AB-92FD-1C3E7FD556E3}.Release|Any CPU.Build.0 = Release|Any CPU
		{43212E7B-CAB1-4663-8522-39CA22AC8748}.Debug|Any CPU.ActiveCfg = Debug|Any CPU
		{43212E7B-CAB1-4663-8522-39CA22AC8748}.Debug|Any CPU.Build.0 = Debug|Any CPU
		{43212E7B-CAB1-4663-8522-39CA22AC8748}.Release|Any CPU.ActiveCfg = Release|Any CPU
		{43212E7B-CAB1-4663-8522-39CA22AC8748}.Release|Any CPU.Build.0 = Release|Any CPU
	EndGlobalSection
	GlobalSection(SolutionProperties) = preSolution
		HideSolutionNode = FALSE
	EndGlobalSection
	GlobalSection(NestedProjects) = preSolution
		{41AB0BEC-F55F-4737-9FF0-BDD933AFAA93} = {B0D10814-4CC0-478F-934D-B63F541E3577}
		{476A749E-BF1F-43CC-AC08-D227D7E75ACD} = {B0D10814-4CC0-478F-934D-B63F541E3577}
		{E0A55DCE-C233-4742-BBAA-CA92DF7CA3EA} = {B0D10814-4CC0-478F-934D-B63F541E3577}
		{07CC40E8-16B0-4B78-91B5-96242B14EEB1} = {CCD9DD89-6164-45DA-B57E-ACAE2A1C4463}
		{809E9154-C3DB-4B90-B929-BB153FB57AA7} = {CCD9DD89-6164-45DA-B57E-ACAE2A1C4463}
		{FCACFAB0-A107-45DD-B0B2-56C510A2271B} = {CCD9DD89-6164-45DA-B57E-ACAE2A1C4463}
		{27909B8A-16F6-4A9D-95DD-F8FC6130B987} = {9779847A-E2C1-4FFF-858A-1D50B7088E5D}
		{7D0658D1-9FA6-4067-8D89-D3E85D4DAADC} = {9779847A-E2C1-4FFF-858A-1D50B7088E5D}
		{BD6BAF5D-9DDA-4E6B-AE61-E138A2AC6C5E} = {9779847A-E2C1-4FFF-858A-1D50B7088E5D}
		{3D89EDFF-ED29-47F0-BFF7-2B5A675331F9} = {455C8BFD-660C-4B71-ACB3-1C48CD6E575A}
		{19AC5EC2-EC7B-44ED-98CA-DAB4976E17ED} = {455C8BFD-660C-4B71-ACB3-1C48CD6E575A}
		{C206DED6-88CC-49EB-B0CA-39F2C1866F44} = {455C8BFD-660C-4B71-ACB3-1C48CD6E575A}
		{88C846E5-4F30-414D-951B-763FE0DBE520} = {8AEEAE1B-5AC8-4B66-B2B1-D286611F1CE7}
		{B51627F5-0B3C-44AB-92FD-1C3E7FD556E3} = {8AEEAE1B-5AC8-4B66-B2B1-D286611F1CE7}
		{43212E7B-CAB1-4663-8522-39CA22AC8748} = {8AEEAE1B-5AC8-4B66-B2B1-D286611F1CE7}
	EndGlobalSection
	GlobalSection(ExtensibilityGlobals) = postSolution
		SolutionGuid = {78EF0F32-3594-42E9-94F4-CC1EC4E7F20A}
	EndGlobalSection
EndGlobal
